
Microsoft Visual Studio Solution File, Format Version 12.00
# Visual Studio Version 17
VisualStudioVersion = 17.12.35527.113
MinimumVisualStudioVersion = 10.0.40219.1
Project("{FAE04EC0-301F-11D3-BF4B-00C04F79EFBC}") = "TaskClassWithCallbackEventExample", "TaskClassWithCallbackEventExample.csproj", "{B20BCEB3-B352-4C14-B18B-545C7C9ED2F0}"
EndProject
Project("{FAE04EC0-301F-11D3-BF4B-00C04F79EFBC}") = "TaskRunExample", "..\TaskRunExample\TaskRunExample.csproj", "{1D49CDB2-5A9A-423B-9992-0EB9C2EDA77D}"
EndProject
Global
	GlobalSection(SolutionConfigurationPlatforms) = preSolution
		Debug|Any CPU = Debug|Any CPU
		Release|Any CPU = Release|Any CPU
	EndGlobalSection
	GlobalSection(ProjectConfigurationPlatforms) = postSolution
		{B20BCEB3-B352-4C14-B18B-545C7C9ED2F0}.Debug|Any CPU.ActiveCfg = Debug|Any CPU
		{B20BCEB3-B352-4C14-B18B-545C7C9ED2F0}.Debug|Any CPU.Build.0 = Debug|Any CPU
		{B20BCEB3-B352-4C14-B18B-545C7C9ED2F0}.Release|Any CPU.ActiveCfg = Release|Any CPU
		{B20BCEB3-B352-4C14-B18B-545C7C9ED2F0}.Release|Any CPU.Build.0 = Release|Any CPU
		{1D49CDB2-5A9A-423B-9992-0EB9C2EDA77D}.Debug|Any CPU.ActiveCfg = Debug|Any CPU
		{1D49CDB2-5A9A-423B-9992-0EB9C2EDA77D}.Debug|Any CPU.Build.0 = Debug|Any CPU
		{1D49CDB2-5A9A-423B-9992-0EB9C2EDA77D}.Release|Any CPU.ActiveCfg = Release|Any CPU
		{1D49CDB2-5A9A-423B-9992-0EB9C2EDA77D}.Release|Any CPU.Build.0 = Release|Any CPU
	EndGlobalSection
	GlobalSection(SolutionProperties) = preSolution
		HideSolutionNode = FALSE
	EndGlobalSection
EndGlobal
