
Microsoft Visual Studio Solution File, Format Version 12.00
# Visual Studio Version 17
VisualStudioVersion = 17.12.35527.113 d17.12
MinimumVisualStudioVersion = 10.0.40219.1
Project("{FAE04EC0-301F-11D3-BF4B-00C04F79EFBC}") = "ImplementingGraphUsingAdjacencyList", "ImplementingGraphUsingAdjacencyList.csproj", "{48DCA8B0-B4CB-4D16-8A4E-70C1F64B810B}"
EndProject
Global
	GlobalSection(SolutionConfigurationPlatforms) = preSolution
		Debug|Any CPU = Debug|Any CPU
		Release|Any CPU = Release|Any CPU
	EndGlobalSection
	GlobalSection(ProjectConfigurationPlatforms) = postSolution
		{48DCA8B0-B4CB-4D16-8A4E-70C1F64B810B}.Debug|Any CPU.ActiveCfg = Debug|Any CPU
		{48DCA8B0-B4CB-4D16-8A4E-70C1F64B810B}.Debug|Any CPU.Build.0 = Debug|Any CPU
		{48DCA8B0-B4CB-4D16-8A4E-70C1F64B810B}.Release|Any CPU.ActiveCfg = Release|Any CPU
		{48DCA8B0-B4CB-4D16-8A4E-70C1F64B810B}.Release|Any CPU.Build.0 = Release|Any CPU
	EndGlobalSection
	GlobalSection(SolutionProperties) = preSolution
		HideSolutionNode = FALSE
	EndGlobalSection
EndGlobal
